
Microsoft Visual Studio Solution File, Format Version 12.00
# Visual Studio Version 17
VisualStudioVersion = 17.2.32616.157
MinimumVisualStudioVersion = 10.0.40219.1
Project("{151D2E53-A2C4-4D7D-83FE-D05416EBD58E}") = "webapptemplate", "webapptemplate\webapptemplate.deployproj", "{937CEC73-745A-4C4F-8779-E00CA5BE53FC}"
EndProject
Global
	GlobalSection(SolutionConfigurationPlatforms) = preSolution
		Debug|Any CPU = Debug|Any CPU
		Release|Any CPU = Release|Any CPU
	EndGlobalSection
	GlobalSection(ProjectConfigurationPlatforms) = postSolution
		{937CEC73-745A-4C4F-8779-E00CA5BE53FC}.Debug|Any CPU.ActiveCfg = Debug|Any CPU
		{937CEC73-745A-4C4F-8779-E00CA5BE53FC}.Debug|Any CPU.Build.0 = Debug|Any CPU
		{937CEC73-745A-4C4F-8779-E00CA5BE53FC}.Release|Any CPU.ActiveCfg = Release|Any CPU
		{937CEC73-745A-4C4F-8779-E00CA5BE53FC}.Release|Any CPU.Build.0 = Release|Any CPU
	EndGlobalSection
	GlobalSection(SolutionProperties) = preSolution
		HideSolutionNode = FALSE
	EndGlobalSection
	GlobalSection(ExtensibilityGlobals) = postSolution
		SolutionGuid = {4C6820F2-A025-45F8-92DF-09E28A607379}
	EndGlobalSection
EndGlobal
